
Microsoft Visual Studio Solution File, Format Version 12.00
# Visual Studio 15
VisualStudioVersion = 15.0.28307.1340
MinimumVisualStudioVersion = 10.0.40219.1
Project("{9A19103F-16F7-4668-BE54-9A1E7A4F7556}") = "StrollStatusBot.Web", "StrollStatusBot.Web\StrollStatusBot.Web.csproj", "{986EC390-C79A-4E91-A711-639C374B3340}"
EndProject
Project("{9A19103F-16F7-4668-BE54-9A1E7A4F7556}") = "StrollStatusBot", "StrollStatusBot\StrollStatusBot.csproj", "{74B8B49D-322B-4589-A315-7D01CFF323E0}"
EndProject
Global
	GlobalSection(SolutionConfigurationPlatforms) = preSolution
		Debug|Any CPU = Debug|Any CPU
		Release|Any CPU = Release|Any CPU
	EndGlobalSection
	GlobalSection(ProjectConfigurationPlatforms) = postSolution
		{986EC390-C79A-4E91-A711-639C374B3340}.Debug|Any CPU.ActiveCfg = Debug|Any CPU
		{986EC390-C79A-4E91-A711-639C374B3340}.Debug|Any CPU.Build.0 = Debug|Any CPU
		{986EC390-C79A-4E91-A711-639C374B3340}.Release|Any CPU.ActiveCfg = Release|Any CPU
		{986EC390-C79A-4E91-A711-639C374B3340}.Release|Any CPU.Build.0 = Release|Any CPU
		{74B8B49D-322B-4589-A315-7D01CFF323E0}.Debug|Any CPU.ActiveCfg = Debug|Any CPU
		{74B8B49D-322B-4589-A315-7D01CFF323E0}.Debug|Any CPU.Build.0 = Debug|Any CPU
		{74B8B49D-322B-4589-A315-7D01CFF323E0}.Release|Any CPU.ActiveCfg = Release|Any CPU
		{74B8B49D-322B-4589-A315-7D01CFF323E0}.Release|Any CPU.Build.0 = Release|Any CPU
	EndGlobalSection
	GlobalSection(SolutionProperties) = preSolution
		HideSolutionNode = FALSE
	EndGlobalSection
	GlobalSection(ExtensibilityGlobals) = postSolution
		SolutionGuid = {11B9BF33-CD2A-4F1E-B39B-658B2D672ADA}
	EndGlobalSection
EndGlobal
